
Microsoft Visual Studio Solution File, Format Version 12.00
# Visual Studio 15
VisualStudioVersion = 15.0.28307.168
MinimumVisualStudioVersion = 10.0.40219.1
Project("{FAE04EC0-301F-11D3-BF4B-00C04F79EFBC}") = "SafaFilm", "SafaFilm\SafaFilm.csproj", "{027A5471-AD00-4E3E-BB79-D8415E83349B}"
EndProject
Global
	GlobalSection(SolutionConfigurationPlatforms) = preSolution
		Debug|Any CPU = Debug|Any CPU
		Release|Any CPU = Release|Any CPU
	EndGlobalSection
	GlobalSection(ProjectConfigurationPlatforms) = postSolution
		{027A5471-AD00-4E3E-BB79-D8415E83349B}.Debug|Any CPU.ActiveCfg = Debug|Any CPU
		{027A5471-AD00-4E3E-BB79-D8415E83349B}.Debug|Any CPU.Build.0 = Debug|Any CPU
		{027A5471-AD00-4E3E-BB79-D8415E83349B}.Release|Any CPU.ActiveCfg = Release|Any CPU
		{027A5471-AD00-4E3E-BB79-D8415E83349B}.Release|Any CPU.Build.0 = Release|Any CPU
	EndGlobalSection
	GlobalSection(SolutionProperties) = preSolution
		HideSolutionNode = FALSE
	EndGlobalSection
	GlobalSection(ExtensibilityGlobals) = postSolution
		SolutionGuid = {6752E9BD-E0DD-4A24-997B-C74F295C84DA}
	EndGlobalSection
EndGlobal
